// !$*UTF8*$!
{
	archiveVersion = 1;
	classes = {
	};
	objectVersion = 48;
	objects = {

/* Begin PBXBuildFile section */
		7D0083651F4E5FCF00729F22 /* Nimble.framework in Frameworks */ = {isa = PBXBuildFile; fileRef = C26230231F4C94E7003A5E99 /* Nimble.framework */; };
		7D0083661F4E5FCF00729F22 /* Quick.framework in Frameworks */ = {isa = PBXBuildFile; fileRef = C26230241F4C94E7003A5E99 /* Quick.framework */; };
		7D0083671F4E5FD200729F22 /* Nimble.framework in Copy Carthage Frameworks */ = {isa = PBXBuildFile; fileRef = C26230231F4C94E7003A5E99 /* Nimble.framework */; settings = {ATTRIBUTES = (CodeSignOnCopy, RemoveHeadersOnCopy, ); }; };
		7D0083681F4E5FD200729F22 /* Quick.framework in Copy Carthage Frameworks */ = {isa = PBXBuildFile; fileRef = C26230241F4C94E7003A5E99 /* Quick.framework */; settings = {ATTRIBUTES = (CodeSignOnCopy, RemoveHeadersOnCopy, ); }; };
		7D424D461F4F9DA600D5C0B9 /* HttpErrorSpec.swift in Sources */ = {isa = PBXBuildFile; fileRef = 7D424D451F4F9DA600D5C0B9 /* HttpErrorSpec.swift */; };
		7D424D4C1F4FC5C000D5C0B9 /* Restables.swift in Sources */ = {isa = PBXBuildFile; fileRef = 7D424D4B1F4FC5C000D5C0B9 /* Restables.swift */; };
		7D72FA141F4E669F00A4B3F9 /* HTTPMethodSpec.swift in Sources */ = {isa = PBXBuildFile; fileRef = 7D72FA131F4E669F00A4B3F9 /* HTTPMethodSpec.swift */; };
		7D72FA161F4E67A700A4B3F9 /* HTTPMethodConfiguration.swift in Sources */ = {isa = PBXBuildFile; fileRef = 7D72FA151F4E67A700A4B3F9 /* HTTPMethodConfiguration.swift */; };
		7D72FA181F4E715000A4B3F9 /* Person.swift in Sources */ = {isa = PBXBuildFile; fileRef = 7D72FA171F4E715000A4B3F9 /* Person.swift */; };
		7D89E65F1F81732700341AC7 /* HTTPURLResponse+ExtensionsSpec.swift in Sources */ = {isa = PBXBuildFile; fileRef = 7D89E65E1F81732700341AC7 /* HTTPURLResponse+ExtensionsSpec.swift */; };
		7DAD01DE1F7EE91D00C9C732 /* OptionalResponseTypeSpec.swift in Sources */ = {isa = PBXBuildFile; fileRef = 7DAD01DD1F7EE91D00C9C732 /* OptionalResponseTypeSpec.swift */; };
		7DD6954C1F8016670034969A /* NotificationCenterPublishableSpec.swift in Sources */ = {isa = PBXBuildFile; fileRef = 7DD6954B1F8016670034969A /* NotificationCenterPublishableSpec.swift */; };
		7DD789111F54FA3900446615 /* Interceptable.swift in Sources */ = {isa = PBXBuildFile; fileRef = 7DD789101F54FA3900446615 /* Interceptable.swift */; };
		7DDB694F1F4B6FA1001CC66D /* Restivus.framework in Frameworks */ = {isa = PBXBuildFile; fileRef = 7DDB69451F4B6FA1001CC66D /* Restivus.framework */; };
		7DDB69561F4B6FA1001CC66D /* Restivous.h in Headers */ = {isa = PBXBuildFile; fileRef = 7DDB69481F4B6FA1001CC66D /* Restivous.h */; settings = {ATTRIBUTES = (Public, ); }; };
		7DDB69611F4B7052001CC66D /* Http.swift in Sources */ = {isa = PBXBuildFile; fileRef = 7DDB69601F4B7052001CC66D /* Http.swift */; };
		7DDB69661F4B705D001CC66D /* Gettable.swift in Sources */ = {isa = PBXBuildFile; fileRef = 7DDB69621F4B705D001CC66D /* Gettable.swift */; };
		7DDB69671F4B705D001CC66D /* Restable.swift in Sources */ = {isa = PBXBuildFile; fileRef = 7DDB69631F4B705D001CC66D /* Restable.swift */; };
		7DDB696C1F4B76F1001CC66D /* Postable.swift in Sources */ = {isa = PBXBuildFile; fileRef = 7DDB696B1F4B76F1001CC66D /* Postable.swift */; };
		7DDB696E1F4B7861001CC66D /* Puttable.swift in Sources */ = {isa = PBXBuildFile; fileRef = 7DDB696D1F4B7861001CC66D /* Puttable.swift */; };
		7DDB69711F4B79EF001CC66D /* Patchable.swift in Sources */ = {isa = PBXBuildFile; fileRef = 7DDB69701F4B79EF001CC66D /* Patchable.swift */; };
		7DDB69731F4B7A5F001CC66D /* Deletable.swift in Sources */ = {isa = PBXBuildFile; fileRef = 7DDB69721F4B7A5F001CC66D /* Deletable.swift */; };
		7DDB69751F4BE06B001CC66D /* HTTPURLResponse+Extensions.swift in Sources */ = {isa = PBXBuildFile; fileRef = 7DDB69741F4BE06B001CC66D /* HTTPURLResponse+Extensions.swift */; };
		C2380A841F50B753004C1B04 /* DeletableSpec.swift in Sources */ = {isa = PBXBuildFile; fileRef = C2380A831F50B753004C1B04 /* DeletableSpec.swift */; };
		C23F9A811F584395000CE9E6 /* RawDecodableSpec.swift in Sources */ = {isa = PBXBuildFile; fileRef = C23F9A801F584395000CE9E6 /* RawDecodableSpec.swift */; };
		C23F9A831F584C08000CE9E6 /* ResultEncoding.swift in Sources */ = {isa = PBXBuildFile; fileRef = C23F9A821F584C08000CE9E6 /* ResultEncoding.swift */; };
		C2548E0E1F545366003EDE96 /* GettableSpec.swift in Sources */ = {isa = PBXBuildFile; fileRef = C2548E0D1F545366003EDE96 /* GettableSpec.swift */; };
		C2548E101F5454CE003EDE96 /* PatchableSpec.swift in Sources */ = {isa = PBXBuildFile; fileRef = C2548E0F1F5454CE003EDE96 /* PatchableSpec.swift */; };
		C2548E121F54550F003EDE96 /* PostableSpec.swift in Sources */ = {isa = PBXBuildFile; fileRef = C2548E111F54550F003EDE96 /* PostableSpec.swift */; };
		C2548E141F54553E003EDE96 /* PuttableSpec.swift in Sources */ = {isa = PBXBuildFile; fileRef = C2548E131F54553E003EDE96 /* PuttableSpec.swift */; };
		C2548E161F545778003EDE96 /* AnyRestableSpec.swift in Sources */ = {isa = PBXBuildFile; fileRef = C2548E151F545778003EDE96 /* AnyRestableSpec.swift */; };
		C26230211F4C8A08003A5E99 /* URLRequest+Extensions.swift in Sources */ = {isa = PBXBuildFile; fileRef = C26230201F4C8A08003A5E99 /* URLRequest+Extensions.swift */; };
		C262302E1F4C9705003A5E99 /* RestableConfiguration.swift in Sources */ = {isa = PBXBuildFile; fileRef = C262302D1F4C9705003A5E99 /* RestableConfiguration.swift */; };
/* End PBXBuildFile section */

/* Begin PBXContainerItemProxy section */
		7DDB69501F4B6FA1001CC66D /* PBXContainerItemProxy */ = {
			isa = PBXContainerItemProxy;
			containerPortal = 7DDB693C1F4B6FA1001CC66D /* Project object */;
			proxyType = 1;
			remoteGlobalIDString = 7DDB69441F4B6FA1001CC66D;
			remoteInfo = RestEasy;
		};
/* End PBXContainerItemProxy section */

/* Begin PBXCopyFilesBuildPhase section */
		C26230271F4C9505003A5E99 /* Copy Carthage Frameworks */ = {
			isa = PBXCopyFilesBuildPhase;
			buildActionMask = 2147483647;
			dstPath = "";
			dstSubfolderSpec = 10;
			files = (
				7D0083671F4E5FD200729F22 /* Nimble.framework in Copy Carthage Frameworks */,
				7D0083681F4E5FD200729F22 /* Quick.framework in Copy Carthage Frameworks */,
			);
			name = "Copy Carthage Frameworks";
			runOnlyForDeploymentPostprocessing = 0;
		};
/* End PBXCopyFilesBuildPhase section */

/* Begin PBXFileReference section */
		7D424D451F4F9DA600D5C0B9 /* HttpErrorSpec.swift */ = {isa = PBXFileReference; lastKnownFileType = sourcecode.swift; path = HttpErrorSpec.swift; sourceTree = "<group>"; };
		7D424D4B1F4FC5C000D5C0B9 /* Restables.swift */ = {isa = PBXFileReference; lastKnownFileType = sourcecode.swift; path = Restables.swift; sourceTree = "<group>"; };
		7D72FA131F4E669F00A4B3F9 /* HTTPMethodSpec.swift */ = {isa = PBXFileReference; lastKnownFileType = sourcecode.swift; path = HTTPMethodSpec.swift; sourceTree = "<group>"; };
		7D72FA151F4E67A700A4B3F9 /* HTTPMethodConfiguration.swift */ = {isa = PBXFileReference; lastKnownFileType = sourcecode.swift; path = HTTPMethodConfiguration.swift; sourceTree = "<group>"; };
		7D72FA171F4E715000A4B3F9 /* Person.swift */ = {isa = PBXFileReference; lastKnownFileType = sourcecode.swift; path = Person.swift; sourceTree = "<group>"; };
		7D89E65E1F81732700341AC7 /* HTTPURLResponse+ExtensionsSpec.swift */ = {isa = PBXFileReference; lastKnownFileType = sourcecode.swift; path = "HTTPURLResponse+ExtensionsSpec.swift"; sourceTree = "<group>"; };
		7DAD01DD1F7EE91D00C9C732 /* OptionalResponseTypeSpec.swift */ = {isa = PBXFileReference; lastKnownFileType = sourcecode.swift; path = OptionalResponseTypeSpec.swift; sourceTree = "<group>"; };
		7DD6954B1F8016670034969A /* NotificationCenterPublishableSpec.swift */ = {isa = PBXFileReference; lastKnownFileType = sourcecode.swift; path = NotificationCenterPublishableSpec.swift; sourceTree = "<group>"; };
		7DD789101F54FA3900446615 /* Interceptable.swift */ = {isa = PBXFileReference; lastKnownFileType = sourcecode.swift; path = Interceptable.swift; sourceTree = "<group>"; };
		7DDB69451F4B6FA1001CC66D /* Restivus.framework */ = {isa = PBXFileReference; explicitFileType = wrapper.framework; includeInIndex = 0; path = Restivus.framework; sourceTree = BUILT_PRODUCTS_DIR; };
		7DDB69481F4B6FA1001CC66D /* Restivous.h */ = {isa = PBXFileReference; lastKnownFileType = sourcecode.c.h; path = Restivous.h; sourceTree = "<group>"; };
		7DDB69491F4B6FA1001CC66D /* Info.plist */ = {isa = PBXFileReference; lastKnownFileType = text.plist.xml; path = Info.plist; sourceTree = "<group>"; };
		7DDB694E1F4B6FA1001CC66D /* RestivusTests.xctest */ = {isa = PBXFileReference; explicitFileType = wrapper.cfbundle; includeInIndex = 0; path = RestivusTests.xctest; sourceTree = BUILT_PRODUCTS_DIR; };
		7DDB69551F4B6FA1001CC66D /* Info.plist */ = {isa = PBXFileReference; lastKnownFileType = text.plist.xml; path = Info.plist; sourceTree = "<group>"; };
		7DDB69601F4B7052001CC66D /* Http.swift */ = {isa = PBXFileReference; fileEncoding = 4; lastKnownFileType = sourcecode.swift; path = Http.swift; sourceTree = "<group>"; };
		7DDB69621F4B705D001CC66D /* Gettable.swift */ = {isa = PBXFileReference; fileEncoding = 4; lastKnownFileType = sourcecode.swift; path = Gettable.swift; sourceTree = "<group>"; };
		7DDB69631F4B705D001CC66D /* Restable.swift */ = {isa = PBXFileReference; fileEncoding = 4; lastKnownFileType = sourcecode.swift; path = Restable.swift; sourceTree = "<group>"; };
		7DDB696B1F4B76F1001CC66D /* Postable.swift */ = {isa = PBXFileReference; fileEncoding = 4; lastKnownFileType = sourcecode.swift; path = Postable.swift; sourceTree = "<group>"; };
		7DDB696D1F4B7861001CC66D /* Puttable.swift */ = {isa = PBXFileReference; fileEncoding = 4; lastKnownFileType = sourcecode.swift; path = Puttable.swift; sourceTree = "<group>"; };
		7DDB69701F4B79EF001CC66D /* Patchable.swift */ = {isa = PBXFileReference; fileEncoding = 4; lastKnownFileType = sourcecode.swift; path = Patchable.swift; sourceTree = "<group>"; };
		7DDB69721F4B7A5F001CC66D /* Deletable.swift */ = {isa = PBXFileReference; fileEncoding = 4; lastKnownFileType = sourcecode.swift; path = Deletable.swift; sourceTree = "<group>"; };
		7DDB69741F4BE06B001CC66D /* HTTPURLResponse+Extensions.swift */ = {isa = PBXFileReference; fileEncoding = 4; lastKnownFileType = sourcecode.swift; path = "HTTPURLResponse+Extensions.swift"; sourceTree = "<group>"; };
		C2380A831F50B753004C1B04 /* DeletableSpec.swift */ = {isa = PBXFileReference; lastKnownFileType = sourcecode.swift; path = DeletableSpec.swift; sourceTree = "<group>"; };
		C23F9A801F584395000CE9E6 /* RawDecodableSpec.swift */ = {isa = PBXFileReference; lastKnownFileType = sourcecode.swift; path = RawDecodableSpec.swift; sourceTree = "<group>"; };
		C23F9A821F584C08000CE9E6 /* ResultEncoding.swift */ = {isa = PBXFileReference; lastKnownFileType = sourcecode.swift; path = ResultEncoding.swift; sourceTree = "<group>"; };
		C2548E0D1F545366003EDE96 /* GettableSpec.swift */ = {isa = PBXFileReference; lastKnownFileType = sourcecode.swift; path = GettableSpec.swift; sourceTree = "<group>"; };
		C2548E0F1F5454CE003EDE96 /* PatchableSpec.swift */ = {isa = PBXFileReference; lastKnownFileType = sourcecode.swift; path = PatchableSpec.swift; sourceTree = "<group>"; };
		C2548E111F54550F003EDE96 /* PostableSpec.swift */ = {isa = PBXFileReference; lastKnownFileType = sourcecode.swift; path = PostableSpec.swift; sourceTree = "<group>"; };
		C2548E131F54553E003EDE96 /* PuttableSpec.swift */ = {isa = PBXFileReference; lastKnownFileType = sourcecode.swift; path = PuttableSpec.swift; sourceTree = "<group>"; };
		C2548E151F545778003EDE96 /* AnyRestableSpec.swift */ = {isa = PBXFileReference; lastKnownFileType = sourcecode.swift; path = AnyRestableSpec.swift; sourceTree = "<group>"; };
		C26230201F4C8A08003A5E99 /* URLRequest+Extensions.swift */ = {isa = PBXFileReference; fileEncoding = 4; lastKnownFileType = sourcecode.swift; path = "URLRequest+Extensions.swift"; sourceTree = "<group>"; };
		C26230231F4C94E7003A5E99 /* Nimble.framework */ = {isa = PBXFileReference; lastKnownFileType = wrapper.framework; name = Nimble.framework; path = Carthage/Build/iOS/Nimble.framework; sourceTree = "<group>"; };
		C26230241F4C94E7003A5E99 /* Quick.framework */ = {isa = PBXFileReference; lastKnownFileType = wrapper.framework; name = Quick.framework; path = Carthage/Build/iOS/Quick.framework; sourceTree = "<group>"; };
		C262302D1F4C9705003A5E99 /* RestableConfiguration.swift */ = {isa = PBXFileReference; fileEncoding = 4; lastKnownFileType = sourcecode.swift; path = RestableConfiguration.swift; sourceTree = "<group>"; };
/* End PBXFileReference section */

/* Begin PBXFrameworksBuildPhase section */
		7DDB69411F4B6FA1001CC66D /* Frameworks */ = {
			isa = PBXFrameworksBuildPhase;
			buildActionMask = 2147483647;
			files = (
			);
			runOnlyForDeploymentPostprocessing = 0;
		};
		7DDB694B1F4B6FA1001CC66D /* Frameworks */ = {
			isa = PBXFrameworksBuildPhase;
			buildActionMask = 2147483647;
			files = (
				7DDB694F1F4B6FA1001CC66D /* Restivus.framework in Frameworks */,
				7D0083651F4E5FCF00729F22 /* Nimble.framework in Frameworks */,
				7D0083661F4E5FCF00729F22 /* Quick.framework in Frameworks */,
			);
			runOnlyForDeploymentPostprocessing = 0;
		};
/* End PBXFrameworksBuildPhase section */

/* Begin PBXGroup section */
		7D424D471F4FC0F000D5C0B9 /* http */ = {
			isa = PBXGroup;
			children = (
				7D424D451F4F9DA600D5C0B9 /* HttpErrorSpec.swift */,
				7D72FA131F4E669F00A4B3F9 /* HTTPMethodSpec.swift */,
				C2380A831F50B753004C1B04 /* DeletableSpec.swift */,
				C2548E0D1F545366003EDE96 /* GettableSpec.swift */,
				C2548E0F1F5454CE003EDE96 /* PatchableSpec.swift */,
				C2548E111F54550F003EDE96 /* PostableSpec.swift */,
				C2548E131F54553E003EDE96 /* PuttableSpec.swift */,
			);
			name = http;
			sourceTree = "<group>";
		};
		7D72FA191F4E715600A4B3F9 /* Test Classes */ = {
			isa = PBXGroup;
			children = (
				7D72FA171F4E715000A4B3F9 /* Person.swift */,
				7D424D4B1F4FC5C000D5C0B9 /* Restables.swift */,
			);
			name = "Test Classes";
			sourceTree = "<group>";
		};
		7DDB693B1F4B6FA1001CC66D = {
			isa = PBXGroup;
			children = (
				7DDB69471F4B6FA1001CC66D /* Restivus */,
				7DDB69521F4B6FA1001CC66D /* RestivusTests */,
				7DDB69461F4B6FA1001CC66D /* Products */,
				C26230221F4C94E7003A5E99 /* Frameworks */,
			);
			sourceTree = "<group>";
		};
		7DDB69461F4B6FA1001CC66D /* Products */ = {
			isa = PBXGroup;
			children = (
				7DDB69451F4B6FA1001CC66D /* Restivus.framework */,
				7DDB694E1F4B6FA1001CC66D /* RestivusTests.xctest */,
			);
			name = Products;
			sourceTree = "<group>";
		};
		7DDB69471F4B6FA1001CC66D /* Restivus */ = {
			isa = PBXGroup;
			children = (
				7DDB696F1F4B79AE001CC66D /* http */,
				7DD789101F54FA3900446615 /* Interceptable.swift */,
				7DDB69741F4BE06B001CC66D /* HTTPURLResponse+Extensions.swift */,
				7DDB69491F4B6FA1001CC66D /* Info.plist */,
				7DDB69631F4B705D001CC66D /* Restable.swift */,
				7DDB69481F4B6FA1001CC66D /* Restivous.h */,
				C26230201F4C8A08003A5E99 /* URLRequest+Extensions.swift */,
			);
			path = Restivus;
			sourceTree = "<group>";
		};
		7DDB69521F4B6FA1001CC66D /* RestivusTests */ = {
			isa = PBXGroup;
			children = (
				C262302C1F4C96F3003A5E99 /* Configurations */,
				7D72FA191F4E715600A4B3F9 /* Test Classes */,
				7D424D471F4FC0F000D5C0B9 /* http */,
				7DDB69551F4B6FA1001CC66D /* Info.plist */,
				C2548E151F545778003EDE96 /* AnyRestableSpec.swift */,
				C23F9A801F584395000CE9E6 /* RawDecodableSpec.swift */,
				7DAD01DD1F7EE91D00C9C732 /* OptionalResponseTypeSpec.swift */,
				7DD6954B1F8016670034969A /* NotificationCenterPublishableSpec.swift */,
				7D89E65E1F81732700341AC7 /* HTTPURLResponse+ExtensionsSpec.swift */,
			);
			path = RestivusTests;
			sourceTree = "<group>";
		};
		7DDB696F1F4B79AE001CC66D /* http */ = {
			isa = PBXGroup;
			children = (
				7DDB69721F4B7A5F001CC66D /* Deletable.swift */,
				7DDB69621F4B705D001CC66D /* Gettable.swift */,
				7DDB69601F4B7052001CC66D /* Http.swift */,
				7DDB69701F4B79EF001CC66D /* Patchable.swift */,
				7DDB696B1F4B76F1001CC66D /* Postable.swift */,
				7DDB696D1F4B7861001CC66D /* Puttable.swift */,
				C23F9A821F584C08000CE9E6 /* ResultEncoding.swift */,
			);
			name = http;
			sourceTree = "<group>";
		};
		C26230221F4C94E7003A5E99 /* Frameworks */ = {
			isa = PBXGroup;
			children = (
				C26230231F4C94E7003A5E99 /* Nimble.framework */,
				C26230241F4C94E7003A5E99 /* Quick.framework */,
			);
			name = Frameworks;
			sourceTree = "<group>";
		};
		C262302C1F4C96F3003A5E99 /* Configurations */ = {
			isa = PBXGroup;
			children = (
				7D72FA151F4E67A700A4B3F9 /* HTTPMethodConfiguration.swift */,
				C262302D1F4C9705003A5E99 /* RestableConfiguration.swift */,
			);
			name = Configurations;
			sourceTree = "<group>";
		};
/* End PBXGroup section */

/* Begin PBXHeadersBuildPhase section */
		7DDB69421F4B6FA1001CC66D /* Headers */ = {
			isa = PBXHeadersBuildPhase;
			buildActionMask = 2147483647;
			files = (
				7DDB69561F4B6FA1001CC66D /* Restivous.h in Headers */,
			);
			runOnlyForDeploymentPostprocessing = 0;
		};
/* End PBXHeadersBuildPhase section */

/* Begin PBXNativeTarget section */
		7DDB69441F4B6FA1001CC66D /* Restivus */ = {
			isa = PBXNativeTarget;
			buildConfigurationList = 7DDB69591F4B6FA1001CC66D /* Build configuration list for PBXNativeTarget "Restivus" */;
			buildPhases = (
				7DDB69401F4B6FA1001CC66D /* Sources */,
				7DDB69411F4B6FA1001CC66D /* Frameworks */,
				7DDB69421F4B6FA1001CC66D /* Headers */,
				7DDB69431F4B6FA1001CC66D /* Resources */,
			);
			buildRules = (
			);
			dependencies = (
			);
			name = Restivus;
			productName = RestEasy;
			productReference = 7DDB69451F4B6FA1001CC66D /* Restivus.framework */;
			productType = "com.apple.product-type.framework";
		};
		7DDB694D1F4B6FA1001CC66D /* RestivusTests */ = {
			isa = PBXNativeTarget;
			buildConfigurationList = 7DDB695C1F4B6FA1001CC66D /* Build configuration list for PBXNativeTarget "RestivusTests" */;
			buildPhases = (
				7DDB694A1F4B6FA1001CC66D /* Sources */,
				7DDB694B1F4B6FA1001CC66D /* Frameworks */,
				7DDB694C1F4B6FA1001CC66D /* Resources */,
				C26230271F4C9505003A5E99 /* Copy Carthage Frameworks */,
			);
			buildRules = (
			);
			dependencies = (
				7DDB69511F4B6FA1001CC66D /* PBXTargetDependency */,
			);
			name = RestivusTests;
			productName = RestEasyTests;
			productReference = 7DDB694E1F4B6FA1001CC66D /* RestivusTests.xctest */;
			productType = "com.apple.product-type.bundle.unit-test";
		};
/* End PBXNativeTarget section */

/* Begin PBXProject section */
		7DDB693C1F4B6FA1001CC66D /* Project object */ = {
			isa = PBXProject;
			attributes = {
				LastSwiftUpdateCheck = 0830;
				LastUpgradeCheck = 0900;
				ORGANIZATIONNAME = bunnyhug.me;
				TargetAttributes = {
					7DDB69441F4B6FA1001CC66D = {
						CreatedOnToolsVersion = 8.3.3;
						LastSwiftMigration = 0830;
						ProvisioningStyle = Automatic;
					};
					7DDB694D1F4B6FA1001CC66D = {
						CreatedOnToolsVersion = 8.3.3;
						ProvisioningStyle = Automatic;
					};
				};
			};
			buildConfigurationList = 7DDB693F1F4B6FA1001CC66D /* Build configuration list for PBXProject "Restivus" */;
			compatibilityVersion = "Xcode 8.0";
			developmentRegion = English;
			hasScannedForEncodings = 0;
			knownRegions = (
				en,
			);
			mainGroup = 7DDB693B1F4B6FA1001CC66D;
			productRefGroup = 7DDB69461F4B6FA1001CC66D /* Products */;
			projectDirPath = "";
			projectRoot = "";
			targets = (
				7DDB69441F4B6FA1001CC66D /* Restivus */,
				7DDB694D1F4B6FA1001CC66D /* RestivusTests */,
			);
		};
/* End PBXProject section */

/* Begin PBXResourcesBuildPhase section */
		7DDB69431F4B6FA1001CC66D /* Resources */ = {
			isa = PBXResourcesBuildPhase;
			buildActionMask = 2147483647;
			files = (
			);
			runOnlyForDeploymentPostprocessing = 0;
		};
		7DDB694C1F4B6FA1001CC66D /* Resources */ = {
			isa = PBXResourcesBuildPhase;
			buildActionMask = 2147483647;
			files = (
			);
			runOnlyForDeploymentPostprocessing = 0;
		};
/* End PBXResourcesBuildPhase section */

/* Begin PBXSourcesBuildPhase section */
		7DDB69401F4B6FA1001CC66D /* Sources */ = {
			isa = PBXSourcesBuildPhase;
			buildActionMask = 2147483647;
			files = (
				7DDB69671F4B705D001CC66D /* Restable.swift in Sources */,
				7DDB69751F4BE06B001CC66D /* HTTPURLResponse+Extensions.swift in Sources */,
				7DDB696E1F4B7861001CC66D /* Puttable.swift in Sources */,
				7DDB69611F4B7052001CC66D /* Http.swift in Sources */,
				7DD789111F54FA3900446615 /* Interceptable.swift in Sources */,
				7DDB696C1F4B76F1001CC66D /* Postable.swift in Sources */,
				7DDB69661F4B705D001CC66D /* Gettable.swift in Sources */,
				7DDB69711F4B79EF001CC66D /* Patchable.swift in Sources */,
				C23F9A831F584C08000CE9E6 /* ResultEncoding.swift in Sources */,
				7DDB69731F4B7A5F001CC66D /* Deletable.swift in Sources */,
				C26230211F4C8A08003A5E99 /* URLRequest+Extensions.swift in Sources */,
			);
			runOnlyForDeploymentPostprocessing = 0;
		};
		7DDB694A1F4B6FA1001CC66D /* Sources */ = {
			isa = PBXSourcesBuildPhase;
			buildActionMask = 2147483647;
			files = (
				7D72FA141F4E669F00A4B3F9 /* HTTPMethodSpec.swift in Sources */,
				C2548E101F5454CE003EDE96 /* PatchableSpec.swift in Sources */,
				7D424D4C1F4FC5C000D5C0B9 /* Restables.swift in Sources */,
				7D424D461F4F9DA600D5C0B9 /* HttpErrorSpec.swift in Sources */,
				C2548E161F545778003EDE96 /* AnyRestableSpec.swift in Sources */,
				7DAD01DE1F7EE91D00C9C732 /* OptionalResponseTypeSpec.swift in Sources */,
				C23F9A811F584395000CE9E6 /* RawDecodableSpec.swift in Sources */,
				7D89E65F1F81732700341AC7 /* HTTPURLResponse+ExtensionsSpec.swift in Sources */,
				C2380A841F50B753004C1B04 /* DeletableSpec.swift in Sources */,
				7D72FA161F4E67A700A4B3F9 /* HTTPMethodConfiguration.swift in Sources */,
				7D72FA181F4E715000A4B3F9 /* Person.swift in Sources */,
				C2548E0E1F545366003EDE96 /* GettableSpec.swift in Sources */,
				C2548E141F54553E003EDE96 /* PuttableSpec.swift in Sources */,
				C2548E121F54550F003EDE96 /* PostableSpec.swift in Sources */,
				C262302E1F4C9705003A5E99 /* RestableConfiguration.swift in Sources */,
				7DD6954C1F8016670034969A /* NotificationCenterPublishableSpec.swift in Sources */,
			);
			runOnlyForDeploymentPostprocessing = 0;
		};
/* End PBXSourcesBuildPhase section */

/* Begin PBXTargetDependency section */
		7DDB69511F4B6FA1001CC66D /* PBXTargetDependency */ = {
			isa = PBXTargetDependency;
			target = 7DDB69441F4B6FA1001CC66D /* Restivus */;
			targetProxy = 7DDB69501F4B6FA1001CC66D /* PBXContainerItemProxy */;
		};
/* End PBXTargetDependency section */

/* Begin XCBuildConfiguration section */
		7DDB69571F4B6FA1001CC66D /* Debug */ = {
			isa = XCBuildConfiguration;
			buildSettings = {
				ALWAYS_SEARCH_USER_PATHS = NO;
				CLANG_ANALYZER_NONNULL = YES;
				CLANG_ANALYZER_NUMBER_OBJECT_CONVERSION = YES_AGGRESSIVE;
				CLANG_CXX_LANGUAGE_STANDARD = "gnu++0x";
				CLANG_CXX_LIBRARY = "libc++";
				CLANG_ENABLE_MODULES = YES;
				CLANG_ENABLE_OBJC_ARC = YES;
				CLANG_WARN_BLOCK_CAPTURE_AUTORELEASING = YES;
				CLANG_WARN_BOOL_CONVERSION = YES;
				CLANG_WARN_COMMA = YES;
				CLANG_WARN_CONSTANT_CONVERSION = YES;
				CLANG_WARN_DIRECT_OBJC_ISA_USAGE = YES_ERROR;
				CLANG_WARN_DOCUMENTATION_COMMENTS = YES;
				CLANG_WARN_EMPTY_BODY = YES;
				CLANG_WARN_ENUM_CONVERSION = YES;
				CLANG_WARN_INFINITE_RECURSION = YES;
				CLANG_WARN_INT_CONVERSION = YES;
				CLANG_WARN_NON_LITERAL_NULL_CONVERSION = YES;
				CLANG_WARN_OBJC_LITERAL_CONVERSION = YES;
				CLANG_WARN_OBJC_ROOT_CLASS = YES_ERROR;
				CLANG_WARN_RANGE_LOOP_ANALYSIS = YES;
				CLANG_WARN_STRICT_PROTOTYPES = YES;
				CLANG_WARN_SUSPICIOUS_MOVE = YES;
				CLANG_WARN_UNREACHABLE_CODE = YES;
				CLANG_WARN__DUPLICATE_METHOD_MATCH = YES;
				"CODE_SIGN_IDENTITY[sdk=iphoneos*]" = "iPhone Developer";
				COPY_PHASE_STRIP = NO;
				CURRENT_PROJECT_VERSION = 1;
				DEBUG_INFORMATION_FORMAT = dwarf;
				ENABLE_STRICT_OBJC_MSGSEND = YES;
				ENABLE_TESTABILITY = YES;
				GCC_C_LANGUAGE_STANDARD = gnu99;
				GCC_DYNAMIC_NO_PIC = NO;
				GCC_NO_COMMON_BLOCKS = YES;
				GCC_OPTIMIZATION_LEVEL = 0;
				GCC_PREPROCESSOR_DEFINITIONS = (
					"DEBUG=1",
					"$(inherited)",
				);
				GCC_WARN_64_TO_32_BIT_CONVERSION = YES;
				GCC_WARN_ABOUT_RETURN_TYPE = YES_ERROR;
				GCC_WARN_UNDECLARED_SELECTOR = YES;
				GCC_WARN_UNINITIALIZED_AUTOS = YES_AGGRESSIVE;
				GCC_WARN_UNUSED_FUNCTION = YES;
				GCC_WARN_UNUSED_VARIABLE = YES;
				IPHONEOS_DEPLOYMENT_TARGET = 9.0;
				MTL_ENABLE_DEBUG_INFO = YES;
				ONLY_ACTIVE_ARCH = YES;
				SDKROOT = iphoneos;
				SWIFT_ACTIVE_COMPILATION_CONDITIONS = DEBUG;
				SWIFT_OPTIMIZATION_LEVEL = "-Onone";
				TARGETED_DEVICE_FAMILY = "1,2";
				VERSIONING_SYSTEM = "apple-generic";
				VERSION_INFO_PREFIX = "";
			};
			name = Debug;
		};
		7DDB69581F4B6FA1001CC66D /* Release */ = {
			isa = XCBuildConfiguration;
			buildSettings = {
				ALWAYS_SEARCH_USER_PATHS = NO;
				CLANG_ANALYZER_NONNULL = YES;
				CLANG_ANALYZER_NUMBER_OBJECT_CONVERSION = YES_AGGRESSIVE;
				CLANG_CXX_LANGUAGE_STANDARD = "gnu++0x";
				CLANG_CXX_LIBRARY = "libc++";
				CLANG_ENABLE_MODULES = YES;
				CLANG_ENABLE_OBJC_ARC = YES;
				CLANG_WARN_BLOCK_CAPTURE_AUTORELEASING = YES;
				CLANG_WARN_BOOL_CONVERSION = YES;
				CLANG_WARN_COMMA = YES;
				CLANG_WARN_CONSTANT_CONVERSION = YES;
				CLANG_WARN_DIRECT_OBJC_ISA_USAGE = YES_ERROR;
				CLANG_WARN_DOCUMENTATION_COMMENTS = YES;
				CLANG_WARN_EMPTY_BODY = YES;
				CLANG_WARN_ENUM_CONVERSION = YES;
				CLANG_WARN_INFINITE_RECURSION = YES;
				CLANG_WARN_INT_CONVERSION = YES;
				CLANG_WARN_NON_LITERAL_NULL_CONVERSION = YES;
				CLANG_WARN_OBJC_LITERAL_CONVERSION = YES;
				CLANG_WARN_OBJC_ROOT_CLASS = YES_ERROR;
				CLANG_WARN_RANGE_LOOP_ANALYSIS = YES;
				CLANG_WARN_STRICT_PROTOTYPES = YES;
				CLANG_WARN_SUSPICIOUS_MOVE = YES;
				CLANG_WARN_UNREACHABLE_CODE = YES;
				CLANG_WARN__DUPLICATE_METHOD_MATCH = YES;
				"CODE_SIGN_IDENTITY[sdk=iphoneos*]" = "iPhone Developer";
				COPY_PHASE_STRIP = NO;
				CURRENT_PROJECT_VERSION = 1;
				DEBUG_INFORMATION_FORMAT = "dwarf-with-dsym";
				ENABLE_NS_ASSERTIONS = NO;
				ENABLE_STRICT_OBJC_MSGSEND = YES;
				GCC_C_LANGUAGE_STANDARD = gnu99;
				GCC_NO_COMMON_BLOCKS = YES;
				GCC_WARN_64_TO_32_BIT_CONVERSION = YES;
				GCC_WARN_ABOUT_RETURN_TYPE = YES_ERROR;
				GCC_WARN_UNDECLARED_SELECTOR = YES;
				GCC_WARN_UNINITIALIZED_AUTOS = YES_AGGRESSIVE;
				GCC_WARN_UNUSED_FUNCTION = YES;
				GCC_WARN_UNUSED_VARIABLE = YES;
				IPHONEOS_DEPLOYMENT_TARGET = 9.0;
				MTL_ENABLE_DEBUG_INFO = NO;
				SDKROOT = iphoneos;
				SWIFT_OPTIMIZATION_LEVEL = "-Owholemodule";
				TARGETED_DEVICE_FAMILY = "1,2";
				VALIDATE_PRODUCT = YES;
				VERSIONING_SYSTEM = "apple-generic";
				VERSION_INFO_PREFIX = "";
			};
			name = Release;
		};
		7DDB695A1F4B6FA1001CC66D /* Debug */ = {
			isa = XCBuildConfiguration;
			buildSettings = {
				CLANG_ENABLE_MODULES = YES;
				CODE_SIGN_IDENTITY = "";
				DEFINES_MODULE = YES;
				DEVELOPMENT_TEAM = "";
				DYLIB_COMPATIBILITY_VERSION = 1;
				DYLIB_CURRENT_VERSION = 1;
				DYLIB_INSTALL_NAME_BASE = "@rpath";
				INFOPLIST_FILE = Restivus/Info.plist;
				INSTALL_PATH = "$(LOCAL_LIBRARY_DIR)/Frameworks";
				LD_RUNPATH_SEARCH_PATHS = "$(inherited) @executable_path/Frameworks @loader_path/Frameworks";
				PRODUCT_BUNDLE_IDENTIFIER = me.bunnyhug.Restivus;
				PRODUCT_NAME = "$(TARGET_NAME)";
				SKIP_INSTALL = YES;
				SWIFT_OPTIMIZATION_LEVEL = "-Onone";
				SWIFT_VERSION = 4.0;
			};
			name = Debug;
		};
		7DDB695B1F4B6FA1001CC66D /* Release */ = {
			isa = XCBuildConfiguration;
			buildSettings = {
				CLANG_ENABLE_MODULES = YES;
				CODE_SIGN_IDENTITY = "";
				DEFINES_MODULE = YES;
				DEVELOPMENT_TEAM = "";
				DYLIB_COMPATIBILITY_VERSION = 1;
				DYLIB_CURRENT_VERSION = 1;
				DYLIB_INSTALL_NAME_BASE = "@rpath";
				INFOPLIST_FILE = Restivus/Info.plist;
				INSTALL_PATH = "$(LOCAL_LIBRARY_DIR)/Frameworks";
				LD_RUNPATH_SEARCH_PATHS = "$(inherited) @executable_path/Frameworks @loader_path/Frameworks";
				PRODUCT_BUNDLE_IDENTIFIER = me.bunnyhug.Restivus;
				PRODUCT_NAME = "$(TARGET_NAME)";
				SKIP_INSTALL = YES;
				SWIFT_VERSION = 4.0;
			};
			name = Release;
		};
		7DDB695D1F4B6FA1001CC66D /* Debug */ = {
			isa = XCBuildConfiguration;
			buildSettings = {
				ALWAYS_EMBED_SWIFT_STANDARD_LIBRARIES = YES;
				DEVELOPMENT_TEAM = 54F2GBB767;
				FRAMEWORK_SEARCH_PATHS = (
					"$(inherited)",
					"$(PROJECT_DIR)/Carthage/Build/iOS",
				);
				INFOPLIST_FILE = Restivus/Info.plist;
				LD_RUNPATH_SEARCH_PATHS = "$(inherited) @executable_path/Frameworks @loader_path/Frameworks";
				PRODUCT_BUNDLE_IDENTIFIER = me.bunnyhug.Restivus;
				PRODUCT_NAME = "$(TARGET_NAME)";
				SWIFT_VERSION = 4.0;
			};
			name = Debug;
		};
		7DDB695E1F4B6FA1001CC66D /* Release */ = {
			isa = XCBuildConfiguration;
			buildSettings = {
				ALWAYS_EMBED_SWIFT_STANDARD_LIBRARIES = YES;
				DEVELOPMENT_TEAM = 54F2GBB767;
				FRAMEWORK_SEARCH_PATHS = (
					"$(inherited)",
					"$(PROJECT_DIR)/Carthage/Build/iOS",
				);
				INFOPLIST_FILE = Restivus/Info.plist;
				LD_RUNPATH_SEARCH_PATHS = "$(inherited) @executable_path/Frameworks @loader_path/Frameworks";
				PRODUCT_BUNDLE_IDENTIFIER = me.bunnyhug.Restivus;
				PRODUCT_NAME = "$(TARGET_NAME)";
				SWIFT_VERSION = 4.0;
			};
			name = Release;
		};
/* End XCBuildConfiguration section */

/* Begin XCConfigurationList section */
		7DDB693F1F4B6FA1001CC66D /* Build configuration list for PBXProject "Restivus" */ = {
			isa = XCConfigurationList;
			buildConfigurations = (
				7DDB69571F4B6FA1001CC66D /* Debug */,
				7DDB69581F4B6FA1001CC66D /* Release */,
			);
			defaultConfigurationIsVisible = 0;
			defaultConfigurationName = Release;
		};
		7DDB69591F4B6FA1001CC66D /* Build configuration list for PBXNativeTarget "Restivus" */ = {
			isa = XCConfigurationList;
			buildConfigurations = (
				7DDB695A1F4B6FA1001CC66D /* Debug */,
				7DDB695B1F4B6FA1001CC66D /* Release */,
			);
			defaultConfigurationIsVisible = 0;
			defaultConfigurationName = Release;
		};
		7DDB695C1F4B6FA1001CC66D /* Build configuration list for PBXNativeTarget "RestivusTests" */ = {
			isa = XCConfigurationList;
			buildConfigurations = (
				7DDB695D1F4B6FA1001CC66D /* Debug */,
				7DDB695E1F4B6FA1001CC66D /* Release */,
			);
			defaultConfigurationIsVisible = 0;
			defaultConfigurationName = Release;
		};
/* End XCConfigurationList section */
	};
	rootObject = 7DDB693C1F4B6FA1001CC66D /* Project object */;
}
